// !$*UTF8*$!
{
	archiveVersion = 1;
	classes = {
	};
	objectVersion = 46;
	objects = {

/* Begin PBXBuildFile section */
		EF53596F1F6E5A4000AE6118 /* main.m in Sources */ = {isa = PBXBuildFile; fileRef = EF53596E1F6E5A4000AE6118 /* main.m */; };
		EF5359721F6E5A4000AE6118 /* AppDelegate.m in Sources */ = {isa = PBXBuildFile; fileRef = EF5359711F6E5A4000AE6118 /* AppDelegate.m */; };
		EF5359751F6E5A4000AE6118 /* ViewController.m in Sources */ = {isa = PBXBuildFile; fileRef = EF5359741F6E5A4000AE6118 /* ViewController.m */; };
		EF5359781F6E5A4000AE6118 /* Main.storyboard in Resources */ = {isa = PBXBuildFile; fileRef = EF5359761F6E5A4000AE6118 /* Main.storyboard */; };
		EF53597A1F6E5A4000AE6118 /* Assets.xcassets in Resources */ = {isa = PBXBuildFile; fileRef = EF5359791F6E5A4000AE6118 /* Assets.xcassets */; };
		EF53597D1F6E5A4000AE6118 /* LaunchScreen.storyboard in Resources */ = {isa = PBXBuildFile; fileRef = EF53597B1F6E5A4000AE6118 /* LaunchScreen.storyboard */; };
		EF5359881F6E5A4000AE6118 /* FFDTests.m in Sources */ = {isa = PBXBuildFile; fileRef = EF5359871F6E5A4000AE6118 /* FFDTests.m */; };
		EF5359931F6E5A4000AE6118 /* FFDUITests.m in Sources */ = {isa = PBXBuildFile; fileRef = EF5359921F6E5A4000AE6118 /* FFDUITests.m */; };
/* End PBXBuildFile section */

/* Begin PBXContainerItemProxy section */
		EF5359841F6E5A4000AE6118 /* PBXContainerItemProxy */ = {
			isa = PBXContainerItemProxy;
			containerPortal = EF5359621F6E5A4000AE6118 /* Project object */;
			proxyType = 1;
			remoteGlobalIDString = EF5359691F6E5A4000AE6118;
			remoteInfo = FFD;
		};
		EF53598F1F6E5A4000AE6118 /* PBXContainerItemProxy */ = {
			isa = PBXContainerItemProxy;
			containerPortal = EF5359621F6E5A4000AE6118 /* Project object */;
			proxyType = 1;
			remoteGlobalIDString = EF5359691F6E5A4000AE6118;
			remoteInfo = FFD;
		};
/* End PBXContainerItemProxy section */

/* Begin PBXFileReference section */
		EF53596A1F6E5A4000AE6118 /* FFD.app */ = {isa = PBXFileReference; explicitFileType = wrapper.application; includeInIndex = 0; path = FFD.app; sourceTree = BUILT_PRODUCTS_DIR; };
		EF53596E1F6E5A4000AE6118 /* main.m */ = {isa = PBXFileReference; lastKnownFileType = sourcecode.c.objc; path = main.m; sourceTree = "<group>"; };
		EF5359701F6E5A4000AE6118 /* AppDelegate.h */ = {isa = PBXFileReference; lastKnownFileType = sourcecode.c.h; path = AppDelegate.h; sourceTree = "<group>"; };
		EF5359711F6E5A4000AE6118 /* AppDelegate.m */ = {isa = PBXFileReference; lastKnownFileType = sourcecode.c.objc; path = AppDelegate.m; sourceTree = "<group>"; };
		EF5359731F6E5A4000AE6118 /* ViewController.h */ = {isa = PBXFileReference; lastKnownFileType = sourcecode.c.h; path = ViewController.h; sourceTree = "<group>"; };
		EF5359741F6E5A4000AE6118 /* ViewController.m */ = {isa = PBXFileReference; lastKnownFileType = sourcecode.c.objc; path = ViewController.m; sourceTree = "<group>"; };
		EF5359771F6E5A4000AE6118 /* Base */ = {isa = PBXFileReference; lastKnownFileType = file.storyboard; name = Base; path = Base.lproj/Main.storyboard; sourceTree = "<group>"; };
		EF5359791F6E5A4000AE6118 /* Assets.xcassets */ = {isa = PBXFileReference; lastKnownFileType = folder.assetcatalog; path = Assets.xcassets; sourceTree = "<group>"; };
		EF53597C1F6E5A4000AE6118 /* Base */ = {isa = PBXFileReference; lastKnownFileType = file.storyboard; name = Base; path = Base.lproj/LaunchScreen.storyboard; sourceTree = "<group>"; };
		EF53597E1F6E5A4000AE6118 /* Info.plist */ = {isa = PBXFileReference; lastKnownFileType = text.plist.xml; path = Info.plist; sourceTree = "<group>"; };
		EF5359831F6E5A4000AE6118 /* FFDTests.xctest */ = {isa = PBXFileReference; explicitFileType = wrapper.cfbundle; includeInIndex = 0; path = FFDTests.xctest; sourceTree = BUILT_PRODUCTS_DIR; };
		EF5359871F6E5A4000AE6118 /* FFDTests.m */ = {isa = PBXFileReference; lastKnownFileType = sourcecode.c.objc; path = FFDTests.m; sourceTree = "<group>"; };
		EF5359891F6E5A4000AE6118 /* Info.plist */ = {isa = PBXFileReference; lastKnownFileType = text.plist.xml; path = Info.plist; sourceTree = "<group>"; };
		EF53598E1F6E5A4000AE6118 /* FFDUITests.xctest */ = {isa = PBXFileReference; explicitFileType = wrapper.cfbundle; includeInIndex = 0; path = FFDUITests.xctest; sourceTree = BUILT_PRODUCTS_DIR; };
		EF5359921F6E5A4000AE6118 /* FFDUITests.m */ = {isa = PBXFileReference; lastKnownFileType = sourcecode.c.objc; path = FFDUITests.m; sourceTree = "<group>"; };
		EF5359941F6E5A4000AE6118 /* Info.plist */ = {isa = PBXFileReference; lastKnownFileType = text.plist.xml; path = Info.plist; sourceTree = "<group>"; };
/* End PBXFileReference section */

/* Begin PBXFrameworksBuildPhase section */
		EF5359671F6E5A4000AE6118 /* Frameworks */ = {
			isa = PBXFrameworksBuildPhase;
			buildActionMask = 2147483647;
			files = (
			);
			runOnlyForDeploymentPostprocessing = 0;
		};
		EF5359801F6E5A4000AE6118 /* Frameworks */ = {
			isa = PBXFrameworksBuildPhase;
			buildActionMask = 2147483647;
			files = (
			);
			runOnlyForDeploymentPostprocessing = 0;
		};
		EF53598B1F6E5A4000AE6118 /* Frameworks */ = {
			isa = PBXFrameworksBuildPhase;
			buildActionMask = 2147483647;
			files = (
			);
			runOnlyForDeploymentPostprocessing = 0;
		};
/* End PBXFrameworksBuildPhase section */

/* Begin PBXGroup section */
		EF5359611F6E5A4000AE6118 = {
			isa = PBXGroup;
			children = (
				EF53596C1F6E5A4000AE6118 /* FFD */,
				EF5359861F6E5A4000AE6118 /* FFDTests */,
				EF5359911F6E5A4000AE6118 /* FFDUITests */,
				EF53596B1F6E5A4000AE6118 /* Products */,
			);
			sourceTree = "<group>";
		};
		EF53596B1F6E5A4000AE6118 /* Products */ = {
			isa = PBXGroup;
			children = (
				EF53596A1F6E5A4000AE6118 /* FFD.app */,
				EF5359831F6E5A4000AE6118 /* FFDTests.xctest */,
				EF53598E1F6E5A4000AE6118 /* FFDUITests.xctest */,
			);
			name = Products;
			sourceTree = "<group>";
		};
		EF53596C1F6E5A4000AE6118 /* FFD */ = {
			isa = PBXGroup;
			children = (
				EF5359701F6E5A4000AE6118 /* AppDelegate.h */,
				EF5359711F6E5A4000AE6118 /* AppDelegate.m */,
				EF5359731F6E5A4000AE6118 /* ViewController.h */,
				EF5359741F6E5A4000AE6118 /* ViewController.m */,
				EF5359761F6E5A4000AE6118 /* Main.storyboard */,
				EF5359791F6E5A4000AE6118 /* Assets.xcassets */,
				EF53597B1F6E5A4000AE6118 /* LaunchScreen.storyboard */,
				EF53597E1F6E5A4000AE6118 /* Info.plist */,
				EF53596D1F6E5A4000AE6118 /* Supporting Files */,
			);
			path = FFD;
			sourceTree = "<group>";
		};
		EF53596D1F6E5A4000AE6118 /* Supporting Files */ = {
			isa = PBXGroup;
			children = (
				EF53596E1F6E5A4000AE6118 /* main.m */,
			);
			name = "Supporting Files";
			sourceTree = "<group>";
		};
		EF5359861F6E5A4000AE6118 /* FFDTests */ = {
			isa = PBXGroup;
			children = (
				EF5359871F6E5A4000AE6118 /* FFDTests.m */,
				EF5359891F6E5A4000AE6118 /* Info.plist */,
			);
			path = FFDTests;
			sourceTree = "<group>";
		};
		EF5359911F6E5A4000AE6118 /* FFDUITests */ = {
			isa = PBXGroup;
			children = (
				EF5359921F6E5A4000AE6118 /* FFDUITests.m */,
				EF5359941F6E5A4000AE6118 /* Info.plist */,
			);
			path = FFDUITests;
			sourceTree = "<group>";
		};
/* End PBXGroup section */

/* Begin PBXNativeTarget section */
		EF5359691F6E5A4000AE6118 /* FFD */ = {
			isa = PBXNativeTarget;
			buildConfigurationList = EF5359971F6E5A4000AE6118 /* Build configuration list for PBXNativeTarget "FFD" */;
			buildPhases = (
				EF5359661F6E5A4000AE6118 /* Sources */,
				EF5359671F6E5A4000AE6118 /* Frameworks */,
				EF5359681F6E5A4000AE6118 /* Resources */,
			);
			buildRules = (
			);
			dependencies = (
			);
			name = FFD;
			productName = FFD;
			productReference = EF53596A1F6E5A4000AE6118 /* FFD.app */;
			productType = "com.apple.product-type.application";
		};
		EF5359821F6E5A4000AE6118 /* FFDTests */ = {
			isa = PBXNativeTarget;
			buildConfigurationList = EF53599A1F6E5A4000AE6118 /* Build configuration list for PBXNativeTarget "FFDTests" */;
			buildPhases = (
				EF53597F1F6E5A4000AE6118 /* Sources */,
				EF5359801F6E5A4000AE6118 /* Frameworks */,
				EF5359811F6E5A4000AE6118 /* Resources */,
			);
			buildRules = (
			);
			dependencies = (
				EF5359851F6E5A4000AE6118 /* PBXTargetDependency */,
			);
			name = FFDTests;
			productName = FFDTests;
			productReference = EF5359831F6E5A4000AE6118 /* FFDTests.xctest */;
			productType = "com.apple.product-type.bundle.unit-test";
		};
		EF53598D1F6E5A4000AE6118 /* FFDUITests */ = {
			isa = PBXNativeTarget;
			buildConfigurationList = EF53599D1F6E5A4000AE6118 /* Build configuration list for PBXNativeTarget "FFDUITests" */;
			buildPhases = (
				EF53598A1F6E5A4000AE6118 /* Sources */,
				EF53598B1F6E5A4000AE6118 /* Frameworks */,
				EF53598C1F6E5A4000AE6118 /* Resources */,
			);
			buildRules = (
			);
			dependencies = (
				EF5359901F6E5A4000AE6118 /* PBXTargetDependency */,
			);
			name = FFDUITests;
			productName = FFDUITests;
			productReference = EF53598E1F6E5A4000AE6118 /* FFDUITests.xctest */;
			productType = "com.apple.product-type.bundle.ui-testing";
		};
/* End PBXNativeTarget section */

/* Begin PBXProject section */
		EF5359621F6E5A4000AE6118 /* Project object */ = {
			isa = PBXProject;
			attributes = {
				LastUpgradeCheck = 0830;
				ORGANIZATIONNAME = Appxelent;
				TargetAttributes = {
					EF5359691F6E5A4000AE6118 = {
						CreatedOnToolsVersion = 8.3.3;
						DevelopmentTeam = DF8AZLDC5D;
						ProvisioningStyle = Automatic;
					};
					EF5359821F6E5A4000AE6118 = {
						CreatedOnToolsVersion = 8.3.3;
						DevelopmentTeam = DF8AZLDC5D;
						ProvisioningStyle = Automatic;
						TestTargetID = EF5359691F6E5A4000AE6118;
					};
					EF53598D1F6E5A4000AE6118 = {
						CreatedOnToolsVersion = 8.3.3;
						DevelopmentTeam = DF8AZLDC5D;
						ProvisioningStyle = Automatic;
						TestTargetID = EF5359691F6E5A4000AE6118;
					};
				};
			};
			buildConfigurationList = EF5359651F6E5A4000AE6118 /* Build configuration list for PBXProject "FFD" */;
			compatibilityVersion = "Xcode 3.2";
			developmentRegion = English;
			hasScannedForEncodings = 0;
			knownRegions = (
				en,
				Base,
			);
			mainGroup = EF5359611F6E5A4000AE6118;
			productRefGroup = EF53596B1F6E5A4000AE6118 /* Products */;
			projectDirPath = "";
			projectRoot = "";
			targets = (
				EF5359691F6E5A4000AE6118 /* FFD */,
				EF5359821F6E5A4000AE6118 /* FFDTests */,
				EF53598D1F6E5A4000AE6118 /* FFDUITests */,
			);
		};
/* End PBXProject section */

/* Begin PBXResourcesBuildPhase section */
		EF5359681F6E5A4000AE6118 /* Resources */ = {
			isa = PBXResourcesBuildPhase;
			buildActionMask = 2147483647;
			files = (
				EF53597D1F6E5A4000AE6118 /* LaunchScreen.storyboard in Resources */,
				EF53597A1F6E5A4000AE6118 /* Assets.xcassets in Resources */,
				EF5359781F6E5A4000AE6118 /* Main.storyboard in Resources */,
			);
			runOnlyForDeploymentPostprocessing = 0;
		};
		EF5359811F6E5A4000AE6118 /* Resources */ = {
			isa = PBXResourcesBuildPhase;
			buildActionMask = 2147483647;
			files = (
			);
			runOnlyForDeploymentPostprocessing = 0;
		};
		EF53598C1F6E5A4000AE6118 /* Resources */ = {
			isa = PBXResourcesBuildPhase;
			buildActionMask = 2147483647;
			files = (
			);
			runOnlyForDeploymentPostprocessing = 0;
		};
/* End PBXResourcesBuildPhase section */

/* Begin PBXSourcesBuildPhase section */
		EF5359661F6E5A4000AE6118 /* Sources */ = {
			isa = PBXSourcesBuildPhase;
			buildActionMask = 2147483647;
			files = (
				EF5359751F6E5A4000AE6118 /* ViewController.m in Sources */,
				EF5359721F6E5A4000AE6118 /* AppDelegate.m in Sources */,
				EF53596F1F6E5A4000AE6118 /* main.m in Sources */,
			);
			runOnlyForDeploymentPostprocessing = 0;
		};
		EF53597F1F6E5A4000AE6118 /* Sources */ = {
			isa = PBXSourcesBuildPhase;
			buildActionMask = 2147483647;
			files = (
				EF5359881F6E5A4000AE6118 /* FFDTests.m in Sources */,
			);
			runOnlyForDeploymentPostprocessing = 0;
		};
		EF53598A1F6E5A4000AE6118 /* Sources */ = {
			isa = PBXSourcesBuildPhase;
			buildActionMask = 2147483647;
			files = (
				EF5359931F6E5A4000AE6118 /* FFDUITests.m in Sources */,
			);
			runOnlyForDeploymentPostprocessing = 0;
		};
/* End PBXSourcesBuildPhase section */

/* Begin PBXTargetDependency section */
		EF5359851F6E5A4000AE6118 /* PBXTargetDependency */ = {
			isa = PBXTargetDependency;
			target = EF5359691F6E5A4000AE6118 /* FFD */;
			targetProxy = EF5359841F6E5A4000AE6118 /* PBXContainerItemProxy */;
		};
		EF5359901F6E5A4000AE6118 /* PBXTargetDependency */ = {
			isa = PBXTargetDependency;
			target = EF5359691F6E5A4000AE6118 /* FFD */;
			targetProxy = EF53598F1F6E5A4000AE6118 /* PBXContainerItemProxy */;
		};
/* End PBXTargetDependency section */

/* Begin PBXVariantGroup section */
		EF5359761F6E5A4000AE6118 /* Main.storyboard */ = {
			isa = PBXVariantGroup;
			children = (
				EF5359771F6E5A4000AE6118 /* Base */,
			);
			name = Main.storyboard;
			sourceTree = "<group>";
		};
		EF53597B1F6E5A4000AE6118 /* LaunchScreen.storyboard */ = {
			isa = PBXVariantGroup;
			children = (
				EF53597C1F6E5A4000AE6118 /* Base */,
			);
			name = LaunchScreen.storyboard;
			sourceTree = "<group>";
		};
/* End PBXVariantGroup section */

/* Begin XCBuildConfiguration section */
		EF5359951F6E5A4000AE6118 /* Debug */ = {
			isa = XCBuildConfiguration;
			buildSettings = {
				ALWAYS_SEARCH_USER_PATHS = NO;
				CLANG_ANALYZER_NONNULL = YES;
				CLANG_ANALYZER_NUMBER_OBJECT_CONVERSION = YES_AGGRESSIVE;
				CLANG_CXX_LANGUAGE_STANDARD = "gnu++0x";
				CLANG_CXX_LIBRARY = "libc++";
				CLANG_ENABLE_MODULES = YES;
				CLANG_ENABLE_OBJC_ARC = YES;
				CLANG_WARN_BOOL_CONVERSION = YES;
				CLANG_WARN_CONSTANT_CONVERSION = YES;
				CLANG_WARN_DIRECT_OBJC_ISA_USAGE = YES_ERROR;
				CLANG_WARN_DOCUMENTATION_COMMENTS = YES;
				CLANG_WARN_EMPTY_BODY = YES;
				CLANG_WARN_ENUM_CONVERSION = YES;
				CLANG_WARN_INFINITE_RECURSION = YES;
				CLANG_WARN_INT_CONVERSION = YES;
				CLANG_WARN_OBJC_ROOT_CLASS = YES_ERROR;
				CLANG_WARN_SUSPICIOUS_MOVE = YES;
				CLANG_WARN_UNREACHABLE_CODE = YES;
				CLANG_WARN__DUPLICATE_METHOD_MATCH = YES;
				"CODE_SIGN_IDENTITY[sdk=iphoneos*]" = "iPhone Developer";
				COPY_PHASE_STRIP = NO;
				DEBUG_INFORMATION_FORMAT = dwarf;
				ENABLE_STRICT_OBJC_MSGSEND = YES;
				ENABLE_TESTABILITY = YES;
				GCC_C_LANGUAGE_STANDARD = gnu99;
				GCC_DYNAMIC_NO_PIC = NO;
				GCC_NO_COMMON_BLOCKS = YES;
				GCC_OPTIMIZATION_LEVEL = 0;
				GCC_PREPROCESSOR_DEFINITIONS = (
					"DEBUG=1",
					"$(inherited)",
				);
				GCC_WARN_64_TO_32_BIT_CONVERSION = YES;
				GCC_WARN_ABOUT_RETURN_TYPE = YES_ERROR;
				GCC_WARN_UNDECLARED_SELECTOR = YES;
				GCC_WARN_UNINITIALIZED_AUTOS = YES_AGGRESSIVE;
				GCC_WARN_UNUSED_FUNCTION = YES;
				GCC_WARN_UNUSED_VARIABLE = YES;
				IPHONEOS_DEPLOYMENT_TARGET = 10.3;
				MTL_ENABLE_DEBUG_INFO = YES;
				ONLY_ACTIVE_ARCH = YES;
				SDKROOT = iphoneos;
				TARGETED_DEVICE_FAMILY = "1,2";
			};
			name = Debug;
		};
		EF5359961F6E5A4000AE6118 /* Release */ = {
			isa = XCBuildConfiguration;
			buildSettings = {
				ALWAYS_SEARCH_USER_PATHS = NO;
				CLANG_ANALYZER_NONNULL = YES;
				CLANG_ANALYZER_NUMBER_OBJECT_CONVERSION = YES_AGGRESSIVE;
				CLANG_CXX_LANGUAGE_STANDARD = "gnu++0x";
				CLANG_CXX_LIBRARY = "libc++";
				CLANG_ENABLE_MODULES = YES;
				CLANG_ENABLE_OBJC_ARC = YES;
				CLANG_WARN_BOOL_CONVERSION = YES;
				CLANG_WARN_CONSTANT_CONVERSION = YES;
				CLANG_WARN_DIRECT_OBJC_ISA_USAGE = YES_ERROR;
				CLANG_WARN_DOCUMENTATION_COMMENTS = YES;
				CLANG_WARN_EMPTY_BODY = YES;
				CLANG_WARN_ENUM_CONVERSION = YES;
				CLANG_WARN_INFINITE_RECURSION = YES;
				CLANG_WARN_INT_CONVERSION = YES;
				CLANG_WARN_OBJC_ROOT_CLASS = YES_ERROR;
				CLANG_WARN_SUSPICIOUS_MOVE = YES;
				CLANG_WARN_UNREACHABLE_CODE = YES;
				CLANG_WARN__DUPLICATE_METHOD_MATCH = YES;
				"CODE_SIGN_IDENTITY[sdk=iphoneos*]" = "iPhone Developer";
				COPY_PHASE_STRIP = NO;
				DEBUG_INFORMATION_FORMAT = "dwarf-with-dsym";
				ENABLE_NS_ASSERTIONS = NO;
				ENABLE_STRICT_OBJC_MSGSEND = YES;
				GCC_C_LANGUAGE_STANDARD = gnu99;
				GCC_NO_COMMON_BLOCKS = YES;
				GCC_WARN_64_TO_32_BIT_CONVERSION = YES;
				GCC_WARN_ABOUT_RETURN_TYPE = YES_ERROR;
				GCC_WARN_UNDECLARED_SELECTOR = YES;
				GCC_WARN_UNINITIALIZED_AUTOS = YES_AGGRESSIVE;
				GCC_WARN_UNUSED_FUNCTION = YES;
				GCC_WARN_UNUSED_VARIABLE = YES;
				IPHONEOS_DEPLOYMENT_TARGET = 10.3;
				MTL_ENABLE_DEBUG_INFO = NO;
				SDKROOT = iphoneos;
				TARGETED_DEVICE_FAMILY = "1,2";
				VALIDATE_PRODUCT = YES;
			};
			name = Release;
		};
		EF5359981F6E5A4000AE6118 /* Debug */ = {
			isa = XCBuildConfiguration;
			buildSettings = {
				ASSETCATALOG_COMPILER_APPICON_NAME = AppIcon;
				DEVELOPMENT_TEAM = DF8AZLDC5D;
				INFOPLIST_FILE = FFD/Info.plist;
				LD_RUNPATH_SEARCH_PATHS = "$(inherited) @executable_path/Frameworks";
				PRODUCT_BUNDLE_IDENTIFIER = com.appxelent.FFD;
				PRODUCT_NAME = "$(TARGET_NAME)";
			};
			name = Debug;
		};
		EF5359991F6E5A4000AE6118 /* Release */ = {
			isa = XCBuildConfiguration;
			buildSettings = {
				ASSETCATALOG_COMPILER_APPICON_NAME = AppIcon;
				DEVELOPMENT_TEAM = DF8AZLDC5D;
				INFOPLIST_FILE = FFD/Info.plist;
				LD_RUNPATH_SEARCH_PATHS = "$(inherited) @executable_path/Frameworks";
				PRODUCT_BUNDLE_IDENTIFIER = com.appxelent.FFD;
				PRODUCT_NAME = "$(TARGET_NAME)";
			};
			name = Release;
		};
		EF53599B1F6E5A4000AE6118 /* Debug */ = {
			isa = XCBuildConfiguration;
			buildSettings = {
				BUNDLE_LOADER = "$(TEST_HOST)";
				DEVELOPMENT_TEAM = DF8AZLDC5D;
				INFOPLIST_FILE = FFDTests/Info.plist;
				LD_RUNPATH_SEARCH_PATHS = "$(inherited) @executable_path/Frameworks @loader_path/Frameworks";
				PRODUCT_BUNDLE_IDENTIFIER = com.appxelent.FFDTests;
				PRODUCT_NAME = "$(TARGET_NAME)";
				TEST_HOST = "$(BUILT_PRODUCTS_DIR)/FFD.app/FFD";
			};
			name = Debug;
		};
		EF53599C1F6E5A4000AE6118 /* Release */ = {
			isa = XCBuildConfiguration;
			buildSettings = {
				BUNDLE_LOADER = "$(TEST_HOST)";
				DEVELOPMENT_TEAM = DF8AZLDC5D;
				INFOPLIST_FILE = FFDTests/Info.plist;
				LD_RUNPATH_SEARCH_PATHS = "$(inherited) @executable_path/Frameworks @loader_path/Frameworks";
				PRODUCT_BUNDLE_IDENTIFIER = com.appxelent.FFDTests;
				PRODUCT_NAME = "$(TARGET_NAME)";
				TEST_HOST = "$(BUILT_PRODUCTS_DIR)/FFD.app/FFD";
			};
			name = Release;
		};
		EF53599E1F6E5A4000AE6118 /* Debug */ = {
			isa = XCBuildConfiguration;
			buildSettings = {
				DEVELOPMENT_TEAM = DF8AZLDC5D;
				INFOPLIST_FILE = FFDUITests/Info.plist;
				LD_RUNPATH_SEARCH_PATHS = "$(inherited) @executable_path/Frameworks @loader_path/Frameworks";
				PRODUCT_BUNDLE_IDENTIFIER = com.appxelent.FFDUITests;
				PRODUCT_NAME = "$(TARGET_NAME)";
				TEST_TARGET_NAME = FFD;
			};
			name = Debug;
		};
		EF53599F1F6E5A4000AE6118 /* Release */ = {
			isa = XCBuildConfiguration;
			buildSettings = {
				DEVELOPMENT_TEAM = DF8AZLDC5D;
				INFOPLIST_FILE = FFDUITests/Info.plist;
				LD_RUNPATH_SEARCH_PATHS = "$(inherited) @executable_path/Frameworks @loader_path/Frameworks";
				PRODUCT_BUNDLE_IDENTIFIER = com.appxelent.FFDUITests;
				PRODUCT_NAME = "$(TARGET_NAME)";
				TEST_TARGET_NAME = FFD;
			};
			name = Release;
		};
/* End XCBuildConfiguration section */

/* Begin XCConfigurationList section */
		EF5359651F6E5A4000AE6118 /* Build configuration list for PBXProject "FFD" */ = {
			isa = XCConfigurationList;
			buildConfigurations = (
				EF5359951F6E5A4000AE6118 /* Debug */,
				EF5359961F6E5A4000AE6118 /* Release */,
			);
			defaultConfigurationIsVisible = 0;
			defaultConfigurationName = Release;
		};
		EF5359971F6E5A4000AE6118 /* Build configuration list for PBXNativeTarget "FFD" */ = {
			isa = XCConfigurationList;
			buildConfigurations = (
				EF5359981F6E5A4000AE6118 /* Debug */,
				EF5359991F6E5A4000AE6118 /* Release */,
			);
			defaultConfigurationIsVisible = 0;
		};
		EF53599A1F6E5A4000AE6118 /* Build configuration list for PBXNativeTarget "FFDTests" */ = {
			isa = XCConfigurationList;
			buildConfigurations = (
				EF53599B1F6E5A4000AE6118 /* Debug */,
				EF53599C1F6E5A4000AE6118 /* Release */,
			);
			defaultConfigurationIsVisible = 0;
		};
		EF53599D1F6E5A4000AE6118 /* Build configuration list for PBXNativeTarget "FFDUITests" */ = {
			isa = XCConfigurationList;
			buildConfigurations = (
				EF53599E1F6E5A4000AE6118 /* Debug */,
				EF53599F1F6E5A4000AE6118 /* Release */,
			);
			defaultConfigurationIsVisible = 0;
		};
/* End XCConfigurationList section */
	};
	rootObject = EF5359621F6E5A4000AE6118 /* Project object */;
}
